
Microsoft Visual Studio Solution File, Format Version 12.00
# Visual Studio 15
VisualStudioVersion = 15.0.26124.0
MinimumVisualStudioVersion = 15.0.26124.0
Project("{2150E333-8FDC-42A3-9474-1A3956D46DE8}") = "src", "src", "{6BE4D59D-C76B-4D53-A18D-D0BE7A632876}"
EndProject
Project("{FAE04EC0-301F-11D3-BF4B-00C04F79EFBC}") = "Phema.Rabbit", "src\Phema.Rabbit\Phema.Rabbit.csproj", "{C9816DB3-D44D-4492-A298-F3B0AAB4E7FD}"
EndProject
Project("{FAE04EC0-301F-11D3-BF4B-00C04F79EFBC}") = "Phema.Rabbit.Consumers", "src\Phema.Rabbit.Consumers\Phema.Rabbit.Consumers.csproj", "{14DAA02F-C0A3-4B51-A96C-8320F77BE83D}"
EndProject
Project("{FAE04EC0-301F-11D3-BF4B-00C04F79EFBC}") = "Phema.Rabbit.Producers", "src\Phema.Rabbit.Producers\Phema.Rabbit.Producers.csproj", "{EFE5061E-DB17-4A1D-80C2-50ED02221087}"
EndProject
Project("{FAE04EC0-301F-11D3-BF4B-00C04F79EFBC}") = "Phema.Rabbit.Sandbox", "src\Phema.Rabbit.Sandbox\Phema.Rabbit.Sandbox.csproj", "{BBBEB9CD-1C0A-4A3E-9001-F7B1307E8361}"
EndProject
Global
	GlobalSection(SolutionConfigurationPlatforms) = preSolution
		Debug|Any CPU = Debug|Any CPU
		Debug|x64 = Debug|x64
		Debug|x86 = Debug|x86
		Release|Any CPU = Release|Any CPU
		Release|x64 = Release|x64
		Release|x86 = Release|x86
	EndGlobalSection
	GlobalSection(SolutionProperties) = preSolution
		HideSolutionNode = FALSE
	EndGlobalSection
	GlobalSection(ProjectConfigurationPlatforms) = postSolution
		{C9816DB3-D44D-4492-A298-F3B0AAB4E7FD}.Debug|Any CPU.ActiveCfg = Debug|Any CPU
		{C9816DB3-D44D-4492-A298-F3B0AAB4E7FD}.Debug|Any CPU.Build.0 = Debug|Any CPU
		{C9816DB3-D44D-4492-A298-F3B0AAB4E7FD}.Debug|x64.ActiveCfg = Debug|Any CPU
		{C9816DB3-D44D-4492-A298-F3B0AAB4E7FD}.Debug|x64.Build.0 = Debug|Any CPU
		{C9816DB3-D44D-4492-A298-F3B0AAB4E7FD}.Debug|x86.ActiveCfg = Debug|Any CPU
		{C9816DB3-D44D-4492-A298-F3B0AAB4E7FD}.Debug|x86.Build.0 = Debug|Any CPU
		{C9816DB3-D44D-4492-A298-F3B0AAB4E7FD}.Release|Any CPU.ActiveCfg = Release|Any CPU
		{C9816DB3-D44D-4492-A298-F3B0AAB4E7FD}.Release|Any CPU.Build.0 = Release|Any CPU
		{C9816DB3-D44D-4492-A298-F3B0AAB4E7FD}.Release|x64.ActiveCfg = Release|Any CPU
		{C9816DB3-D44D-4492-A298-F3B0AAB4E7FD}.Release|x64.Build.0 = Release|Any CPU
		{C9816DB3-D44D-4492-A298-F3B0AAB4E7FD}.Release|x86.ActiveCfg = Release|Any CPU
		{C9816DB3-D44D-4492-A298-F3B0AAB4E7FD}.Release|x86.Build.0 = Release|Any CPU
		{14DAA02F-C0A3-4B51-A96C-8320F77BE83D}.Debug|Any CPU.ActiveCfg = Debug|Any CPU
		{14DAA02F-C0A3-4B51-A96C-8320F77BE83D}.Debug|Any CPU.Build.0 = Debug|Any CPU
		{14DAA02F-C0A3-4B51-A96C-8320F77BE83D}.Debug|x64.ActiveCfg = Debug|Any CPU
		{14DAA02F-C0A3-4B51-A96C-8320F77BE83D}.Debug|x64.Build.0 = Debug|Any CPU
		{14DAA02F-C0A3-4B51-A96C-8320F77BE83D}.Debug|x86.ActiveCfg = Debug|Any CPU
		{14DAA02F-C0A3-4B51-A96C-8320F77BE83D}.Debug|x86.Build.0 = Debug|Any CPU
		{14DAA02F-C0A3-4B51-A96C-8320F77BE83D}.Release|Any CPU.ActiveCfg = Release|Any CPU
		{14DAA02F-C0A3-4B51-A96C-8320F77BE83D}.Release|Any CPU.Build.0 = Release|Any CPU
		{14DAA02F-C0A3-4B51-A96C-8320F77BE83D}.Release|x64.ActiveCfg = Release|Any CPU
		{14DAA02F-C0A3-4B51-A96C-8320F77BE83D}.Release|x64.Build.0 = Release|Any CPU
		{14DAA02F-C0A3-4B51-A96C-8320F77BE83D}.Release|x86.ActiveCfg = Release|Any CPU
		{14DAA02F-C0A3-4B51-A96C-8320F77BE83D}.Release|x86.Build.0 = Release|Any CPU
		{EFE5061E-DB17-4A1D-80C2-50ED02221087}.Debug|Any CPU.ActiveCfg = Debug|Any CPU
		{EFE5061E-DB17-4A1D-80C2-50ED02221087}.Debug|Any CPU.Build.0 = Debug|Any CPU
		{EFE5061E-DB17-4A1D-80C2-50ED02221087}.Debug|x64.ActiveCfg = Debug|Any CPU
		{EFE5061E-DB17-4A1D-80C2-50ED02221087}.Debug|x64.Build.0 = Debug|Any CPU
		{EFE5061E-DB17-4A1D-80C2-50ED02221087}.Debug|x86.ActiveCfg = Debug|Any CPU
		{EFE5061E-DB17-4A1D-80C2-50ED02221087}.Debug|x86.Build.0 = Debug|Any CPU
		{EFE5061E-DB17-4A1D-80C2-50ED02221087}.Release|Any CPU.ActiveCfg = Release|Any CPU
		{EFE5061E-DB17-4A1D-80C2-50ED02221087}.Release|Any CPU.Build.0 = Release|Any CPU
		{EFE5061E-DB17-4A1D-80C2-50ED02221087}.Release|x64.ActiveCfg = Release|Any CPU
		{EFE5061E-DB17-4A1D-80C2-50ED02221087}.Release|x64.Build.0 = Release|Any CPU
		{EFE5061E-DB17-4A1D-80C2-50ED02221087}.Release|x86.ActiveCfg = Release|Any CPU
		{EFE5061E-DB17-4A1D-80C2-50ED02221087}.Release|x86.Build.0 = Release|Any CPU
		{BBBEB9CD-1C0A-4A3E-9001-F7B1307E8361}.Debug|Any CPU.ActiveCfg = Debug|Any CPU
		{BBBEB9CD-1C0A-4A3E-9001-F7B1307E8361}.Debug|Any CPU.Build.0 = Debug|Any CPU
		{BBBEB9CD-1C0A-4A3E-9001-F7B1307E8361}.Debug|x64.ActiveCfg = Debug|Any CPU
		{BBBEB9CD-1C0A-4A3E-9001-F7B1307E8361}.Debug|x64.Build.0 = Debug|Any CPU
		{BBBEB9CD-1C0A-4A3E-9001-F7B1307E8361}.Debug|x86.ActiveCfg = Debug|Any CPU
		{BBBEB9CD-1C0A-4A3E-9001-F7B1307E8361}.Debug|x86.Build.0 = Debug|Any CPU
		{BBBEB9CD-1C0A-4A3E-9001-F7B1307E8361}.Release|Any CPU.ActiveCfg = Release|Any CPU
		{BBBEB9CD-1C0A-4A3E-9001-F7B1307E8361}.Release|Any CPU.Build.0 = Release|Any CPU
		{BBBEB9CD-1C0A-4A3E-9001-F7B1307E8361}.Release|x64.ActiveCfg = Release|Any CPU
		{BBBEB9CD-1C0A-4A3E-9001-F7B1307E8361}.Release|x64.Build.0 = Release|Any CPU
		{BBBEB9CD-1C0A-4A3E-9001-F7B1307E8361}.Release|x86.ActiveCfg = Release|Any CPU
		{BBBEB9CD-1C0A-4A3E-9001-F7B1307E8361}.Release|x86.Build.0 = Release|Any CPU
	EndGlobalSection
	GlobalSection(NestedProjects) = preSolution
		{C9816DB3-D44D-4492-A298-F3B0AAB4E7FD} = {6BE4D59D-C76B-4D53-A18D-D0BE7A632876}
		{14DAA02F-C0A3-4B51-A96C-8320F77BE83D} = {6BE4D59D-C76B-4D53-A18D-D0BE7A632876}
		{EFE5061E-DB17-4A1D-80C2-50ED02221087} = {6BE4D59D-C76B-4D53-A18D-D0BE7A632876}
		{BBBEB9CD-1C0A-4A3E-9001-F7B1307E8361} = {6BE4D59D-C76B-4D53-A18D-D0BE7A632876}
	EndGlobalSection
EndGlobal
