
Microsoft Visual Studio Solution File, Format Version 12.00
# Visual Studio 15
VisualStudioVersion = 15.0.26124.0
MinimumVisualStudioVersion = 15.0.26124.0
Project("{2150E333-8FDC-42A3-9474-1A3956D46DE8}") = "src", "src", "{82136AFD-141C-4104-AB56-9781988E925C}"
EndProject
Project("{2150E333-8FDC-42A3-9474-1A3956D46DE8}") = "tests", "tests", "{1AA4529B-7C8D-4A3D-9FCF-03E7AE564587}"
EndProject
Project("{FAE04EC0-301F-11D3-BF4B-00C04F79EFBC}") = "Phema.RabbitMQ", "src\Phema.RabbitMQ\Phema.RabbitMQ.csproj", "{5DEE377E-8CE6-4812-B841-4177626D7498}"
EndProject
Project("{FAE04EC0-301F-11D3-BF4B-00C04F79EFBC}") = "Phema.RabbitMQ.Consumers", "src\Phema.RabbitMQ.Consumers\Phema.RabbitMQ.Consumers.csproj", "{EA684237-7CFF-493D-97C4-C41E2519CD2C}"
EndProject
Project("{FAE04EC0-301F-11D3-BF4B-00C04F79EFBC}") = "Phema.RabbitMQ.Core", "src\Phema.RabbitMQ.Core\Phema.RabbitMQ.Core.csproj", "{33C08C7C-5F94-4176-9B7D-682C669593E4}"
EndProject
Project("{FAE04EC0-301F-11D3-BF4B-00C04F79EFBC}") = "Phema.RabbitMQ.Exchanges", "src\Phema.RabbitMQ.Exchanges\Phema.RabbitMQ.Exchanges.csproj", "{D92D674B-D5A2-45E3-ACC4-2AD1584A020E}"
EndProject
Project("{FAE04EC0-301F-11D3-BF4B-00C04F79EFBC}") = "Phema.RabbitMQ.Producers", "src\Phema.RabbitMQ.Producers\Phema.RabbitMQ.Producers.csproj", "{D0D7FDC7-3D32-43E3-BAD8-2127055B0BB5}"
EndProject
Project("{FAE04EC0-301F-11D3-BF4B-00C04F79EFBC}") = "Phema.RabbitMQ.Queues", "src\Phema.RabbitMQ.Queues\Phema.RabbitMQ.Queues.csproj", "{AA8AE02D-9A8D-4A98-8202-D1873C38910D}"
EndProject
Project("{FAE04EC0-301F-11D3-BF4B-00C04F79EFBC}") = "Phema.RabbitMQ.Tests", "tests\Phema.RabbitMQ.Tests\Phema.RabbitMQ.Tests.csproj", "{ACE47F93-CE16-4828-84DB-9815020E2F88}"
EndProject
Global
	GlobalSection(SolutionConfigurationPlatforms) = preSolution
		Debug|Any CPU = Debug|Any CPU
		Debug|x64 = Debug|x64
		Debug|x86 = Debug|x86
		Release|Any CPU = Release|Any CPU
		Release|x64 = Release|x64
		Release|x86 = Release|x86
	EndGlobalSection
	GlobalSection(SolutionProperties) = preSolution
		HideSolutionNode = FALSE
	EndGlobalSection
	GlobalSection(ProjectConfigurationPlatforms) = postSolution
		{5DEE377E-8CE6-4812-B841-4177626D7498}.Debug|Any CPU.ActiveCfg = Debug|Any CPU
		{5DEE377E-8CE6-4812-B841-4177626D7498}.Debug|Any CPU.Build.0 = Debug|Any CPU
		{5DEE377E-8CE6-4812-B841-4177626D7498}.Debug|x64.ActiveCfg = Debug|Any CPU
		{5DEE377E-8CE6-4812-B841-4177626D7498}.Debug|x64.Build.0 = Debug|Any CPU
		{5DEE377E-8CE6-4812-B841-4177626D7498}.Debug|x86.ActiveCfg = Debug|Any CPU
		{5DEE377E-8CE6-4812-B841-4177626D7498}.Debug|x86.Build.0 = Debug|Any CPU
		{5DEE377E-8CE6-4812-B841-4177626D7498}.Release|Any CPU.ActiveCfg = Release|Any CPU
		{5DEE377E-8CE6-4812-B841-4177626D7498}.Release|Any CPU.Build.0 = Release|Any CPU
		{5DEE377E-8CE6-4812-B841-4177626D7498}.Release|x64.ActiveCfg = Release|Any CPU
		{5DEE377E-8CE6-4812-B841-4177626D7498}.Release|x64.Build.0 = Release|Any CPU
		{5DEE377E-8CE6-4812-B841-4177626D7498}.Release|x86.ActiveCfg = Release|Any CPU
		{5DEE377E-8CE6-4812-B841-4177626D7498}.Release|x86.Build.0 = Release|Any CPU
		{EA684237-7CFF-493D-97C4-C41E2519CD2C}.Debug|Any CPU.ActiveCfg = Debug|Any CPU
		{EA684237-7CFF-493D-97C4-C41E2519CD2C}.Debug|Any CPU.Build.0 = Debug|Any CPU
		{EA684237-7CFF-493D-97C4-C41E2519CD2C}.Debug|x64.ActiveCfg = Debug|Any CPU
		{EA684237-7CFF-493D-97C4-C41E2519CD2C}.Debug|x64.Build.0 = Debug|Any CPU
		{EA684237-7CFF-493D-97C4-C41E2519CD2C}.Debug|x86.ActiveCfg = Debug|Any CPU
		{EA684237-7CFF-493D-97C4-C41E2519CD2C}.Debug|x86.Build.0 = Debug|Any CPU
		{EA684237-7CFF-493D-97C4-C41E2519CD2C}.Release|Any CPU.ActiveCfg = Release|Any CPU
		{EA684237-7CFF-493D-97C4-C41E2519CD2C}.Release|Any CPU.Build.0 = Release|Any CPU
		{EA684237-7CFF-493D-97C4-C41E2519CD2C}.Release|x64.ActiveCfg = Release|Any CPU
		{EA684237-7CFF-493D-97C4-C41E2519CD2C}.Release|x64.Build.0 = Release|Any CPU
		{EA684237-7CFF-493D-97C4-C41E2519CD2C}.Release|x86.ActiveCfg = Release|Any CPU
		{EA684237-7CFF-493D-97C4-C41E2519CD2C}.Release|x86.Build.0 = Release|Any CPU
		{33C08C7C-5F94-4176-9B7D-682C669593E4}.Debug|Any CPU.ActiveCfg = Debug|Any CPU
		{33C08C7C-5F94-4176-9B7D-682C669593E4}.Debug|Any CPU.Build.0 = Debug|Any CPU
		{33C08C7C-5F94-4176-9B7D-682C669593E4}.Debug|x64.ActiveCfg = Debug|Any CPU
		{33C08C7C-5F94-4176-9B7D-682C669593E4}.Debug|x64.Build.0 = Debug|Any CPU
		{33C08C7C-5F94-4176-9B7D-682C669593E4}.Debug|x86.ActiveCfg = Debug|Any CPU
		{33C08C7C-5F94-4176-9B7D-682C669593E4}.Debug|x86.Build.0 = Debug|Any CPU
		{33C08C7C-5F94-4176-9B7D-682C669593E4}.Release|Any CPU.ActiveCfg = Release|Any CPU
		{33C08C7C-5F94-4176-9B7D-682C669593E4}.Release|Any CPU.Build.0 = Release|Any CPU
		{33C08C7C-5F94-4176-9B7D-682C669593E4}.Release|x64.ActiveCfg = Release|Any CPU
		{33C08C7C-5F94-4176-9B7D-682C669593E4}.Release|x64.Build.0 = Release|Any CPU
		{33C08C7C-5F94-4176-9B7D-682C669593E4}.Release|x86.ActiveCfg = Release|Any CPU
		{33C08C7C-5F94-4176-9B7D-682C669593E4}.Release|x86.Build.0 = Release|Any CPU
		{D92D674B-D5A2-45E3-ACC4-2AD1584A020E}.Debug|Any CPU.ActiveCfg = Debug|Any CPU
		{D92D674B-D5A2-45E3-ACC4-2AD1584A020E}.Debug|Any CPU.Build.0 = Debug|Any CPU
		{D92D674B-D5A2-45E3-ACC4-2AD1584A020E}.Debug|x64.ActiveCfg = Debug|Any CPU
		{D92D674B-D5A2-45E3-ACC4-2AD1584A020E}.Debug|x64.Build.0 = Debug|Any CPU
		{D92D674B-D5A2-45E3-ACC4-2AD1584A020E}.Debug|x86.ActiveCfg = Debug|Any CPU
		{D92D674B-D5A2-45E3-ACC4-2AD1584A020E}.Debug|x86.Build.0 = Debug|Any CPU
		{D92D674B-D5A2-45E3-ACC4-2AD1584A020E}.Release|Any CPU.ActiveCfg = Release|Any CPU
		{D92D674B-D5A2-45E3-ACC4-2AD1584A020E}.Release|Any CPU.Build.0 = Release|Any CPU
		{D92D674B-D5A2-45E3-ACC4-2AD1584A020E}.Release|x64.ActiveCfg = Release|Any CPU
		{D92D674B-D5A2-45E3-ACC4-2AD1584A020E}.Release|x64.Build.0 = Release|Any CPU
		{D92D674B-D5A2-45E3-ACC4-2AD1584A020E}.Release|x86.ActiveCfg = Release|Any CPU
		{D92D674B-D5A2-45E3-ACC4-2AD1584A020E}.Release|x86.Build.0 = Release|Any CPU
		{D0D7FDC7-3D32-43E3-BAD8-2127055B0BB5}.Debug|Any CPU.ActiveCfg = Debug|Any CPU
		{D0D7FDC7-3D32-43E3-BAD8-2127055B0BB5}.Debug|Any CPU.Build.0 = Debug|Any CPU
		{D0D7FDC7-3D32-43E3-BAD8-2127055B0BB5}.Debug|x64.ActiveCfg = Debug|Any CPU
		{D0D7FDC7-3D32-43E3-BAD8-2127055B0BB5}.Debug|x64.Build.0 = Debug|Any CPU
		{D0D7FDC7-3D32-43E3-BAD8-2127055B0BB5}.Debug|x86.ActiveCfg = Debug|Any CPU
		{D0D7FDC7-3D32-43E3-BAD8-2127055B0BB5}.Debug|x86.Build.0 = Debug|Any CPU
		{D0D7FDC7-3D32-43E3-BAD8-2127055B0BB5}.Release|Any CPU.ActiveCfg = Release|Any CPU
		{D0D7FDC7-3D32-43E3-BAD8-2127055B0BB5}.Release|Any CPU.Build.0 = Release|Any CPU
		{D0D7FDC7-3D32-43E3-BAD8-2127055B0BB5}.Release|x64.ActiveCfg = Release|Any CPU
		{D0D7FDC7-3D32-43E3-BAD8-2127055B0BB5}.Release|x64.Build.0 = Release|Any CPU
		{D0D7FDC7-3D32-43E3-BAD8-2127055B0BB5}.Release|x86.ActiveCfg = Release|Any CPU
		{D0D7FDC7-3D32-43E3-BAD8-2127055B0BB5}.Release|x86.Build.0 = Release|Any CPU
		{AA8AE02D-9A8D-4A98-8202-D1873C38910D}.Debug|Any CPU.ActiveCfg = Debug|Any CPU
		{AA8AE02D-9A8D-4A98-8202-D1873C38910D}.Debug|Any CPU.Build.0 = Debug|Any CPU
		{AA8AE02D-9A8D-4A98-8202-D1873C38910D}.Debug|x64.ActiveCfg = Debug|Any CPU
		{AA8AE02D-9A8D-4A98-8202-D1873C38910D}.Debug|x64.Build.0 = Debug|Any CPU
		{AA8AE02D-9A8D-4A98-8202-D1873C38910D}.Debug|x86.ActiveCfg = Debug|Any CPU
		{AA8AE02D-9A8D-4A98-8202-D1873C38910D}.Debug|x86.Build.0 = Debug|Any CPU
		{AA8AE02D-9A8D-4A98-8202-D1873C38910D}.Release|Any CPU.ActiveCfg = Release|Any CPU
		{AA8AE02D-9A8D-4A98-8202-D1873C38910D}.Release|Any CPU.Build.0 = Release|Any CPU
		{AA8AE02D-9A8D-4A98-8202-D1873C38910D}.Release|x64.ActiveCfg = Release|Any CPU
		{AA8AE02D-9A8D-4A98-8202-D1873C38910D}.Release|x64.Build.0 = Release|Any CPU
		{AA8AE02D-9A8D-4A98-8202-D1873C38910D}.Release|x86.ActiveCfg = Release|Any CPU
		{AA8AE02D-9A8D-4A98-8202-D1873C38910D}.Release|x86.Build.0 = Release|Any CPU
		{ACE47F93-CE16-4828-84DB-9815020E2F88}.Debug|Any CPU.ActiveCfg = Debug|Any CPU
		{ACE47F93-CE16-4828-84DB-9815020E2F88}.Debug|Any CPU.Build.0 = Debug|Any CPU
		{ACE47F93-CE16-4828-84DB-9815020E2F88}.Debug|x64.ActiveCfg = Debug|Any CPU
		{ACE47F93-CE16-4828-84DB-9815020E2F88}.Debug|x64.Build.0 = Debug|Any CPU
		{ACE47F93-CE16-4828-84DB-9815020E2F88}.Debug|x86.ActiveCfg = Debug|Any CPU
		{ACE47F93-CE16-4828-84DB-9815020E2F88}.Debug|x86.Build.0 = Debug|Any CPU
		{ACE47F93-CE16-4828-84DB-9815020E2F88}.Release|Any CPU.ActiveCfg = Release|Any CPU
		{ACE47F93-CE16-4828-84DB-9815020E2F88}.Release|Any CPU.Build.0 = Release|Any CPU
		{ACE47F93-CE16-4828-84DB-9815020E2F88}.Release|x64.ActiveCfg = Release|Any CPU
		{ACE47F93-CE16-4828-84DB-9815020E2F88}.Release|x64.Build.0 = Release|Any CPU
		{ACE47F93-CE16-4828-84DB-9815020E2F88}.Release|x86.ActiveCfg = Release|Any CPU
		{ACE47F93-CE16-4828-84DB-9815020E2F88}.Release|x86.Build.0 = Release|Any CPU
	EndGlobalSection
	GlobalSection(NestedProjects) = preSolution
		{5DEE377E-8CE6-4812-B841-4177626D7498} = {82136AFD-141C-4104-AB56-9781988E925C}
		{EA684237-7CFF-493D-97C4-C41E2519CD2C} = {82136AFD-141C-4104-AB56-9781988E925C}
		{33C08C7C-5F94-4176-9B7D-682C669593E4} = {82136AFD-141C-4104-AB56-9781988E925C}
		{D92D674B-D5A2-45E3-ACC4-2AD1584A020E} = {82136AFD-141C-4104-AB56-9781988E925C}
		{D0D7FDC7-3D32-43E3-BAD8-2127055B0BB5} = {82136AFD-141C-4104-AB56-9781988E925C}
		{AA8AE02D-9A8D-4A98-8202-D1873C38910D} = {82136AFD-141C-4104-AB56-9781988E925C}
		{ACE47F93-CE16-4828-84DB-9815020E2F88} = {1AA4529B-7C8D-4A3D-9FCF-03E7AE564587}
	EndGlobalSection
EndGlobal
