
Microsoft Visual Studio Solution File, Format Version 12.00
# Visual Studio 15
VisualStudioVersion = 15.0.26124.0
MinimumVisualStudioVersion = 15.0.26124.0
Project("{2150E333-8FDC-42A3-9474-1A3956D46DE8}") = "tests", "tests", "{1AA4529B-7C8D-4A3D-9FCF-03E7AE564587}"
EndProject
Project("{FAE04EC0-301F-11D3-BF4B-00C04F79EFBC}") = "Phema.RabbitMQ.Tests", "tests\Phema.RabbitMQ.Tests\Phema.RabbitMQ.Tests.csproj", "{ACE47F93-CE16-4828-84DB-9815020E2F88}"
EndProject
Project("{2150E333-8FDC-42A3-9474-1A3956D46DE8}") = "src", "src", "{617F1125-F1BE-4664-8949-13953FBE5CBF}"
EndProject
Project("{2150E333-8FDC-42A3-9474-1A3956D46DE8}") = "examples", "examples", "{61163BB4-5D6D-4959-A3CC-A3CBC2A7FD01}"
EndProject
Project("{FAE04EC0-301F-11D3-BF4B-00C04F79EFBC}") = "Phema.RabbitMQ", "src\Phema.RabbitMQ\Phema.RabbitMQ.csproj", "{CF16A0CC-8944-4967-97F4-460C825CF987}"
EndProject
Project("{FAE04EC0-301F-11D3-BF4B-00C04F79EFBC}") = "Phema.RabbitMQ.ConsumerPriority", "examples\Phema.RabbitMQ.ConsumerPriority\Phema.RabbitMQ.ConsumerPriority.csproj", "{18FA2C55-1712-4E59-A55C-8EC3BA32C17E}"
EndProject
Project("{FAE04EC0-301F-11D3-BF4B-00C04F79EFBC}") = "Phema.RabbitMQ.FanoutExchange", "examples\Phema.RabbitMQ.FanoutExchange\Phema.RabbitMQ.FanoutExchange.csproj", "{A184F801-D0A1-4C77-A6F3-D495D148004D}"
EndProject
Project("{FAE04EC0-301F-11D3-BF4B-00C04F79EFBC}") = "Phema.RabbitMQ.MultipleQueues", "examples\Phema.RabbitMQ.MultipleQueues\Phema.RabbitMQ.MultipleQueues.csproj", "{4A2B5475-1583-42D1-BC01-43FC6CCA322A}"
EndProject
Project("{FAE04EC0-301F-11D3-BF4B-00C04F79EFBC}") = "Phema.RabbitMQ.Pipeline", "examples\Phema.RabbitMQ.Pipeline\Phema.RabbitMQ.Pipeline.csproj", "{6D1E68D2-5090-4203-BB21-0EA3E0E05576}"
EndProject
Global
	GlobalSection(SolutionConfigurationPlatforms) = preSolution
		Debug|Any CPU = Debug|Any CPU
		Debug|x64 = Debug|x64
		Debug|x86 = Debug|x86
		Release|Any CPU = Release|Any CPU
		Release|x64 = Release|x64
		Release|x86 = Release|x86
	EndGlobalSection
	GlobalSection(SolutionProperties) = preSolution
		HideSolutionNode = FALSE
	EndGlobalSection
	GlobalSection(ProjectConfigurationPlatforms) = postSolution
		{ACE47F93-CE16-4828-84DB-9815020E2F88}.Debug|Any CPU.ActiveCfg = Debug|Any CPU
		{ACE47F93-CE16-4828-84DB-9815020E2F88}.Debug|Any CPU.Build.0 = Debug|Any CPU
		{ACE47F93-CE16-4828-84DB-9815020E2F88}.Debug|x64.ActiveCfg = Debug|Any CPU
		{ACE47F93-CE16-4828-84DB-9815020E2F88}.Debug|x64.Build.0 = Debug|Any CPU
		{ACE47F93-CE16-4828-84DB-9815020E2F88}.Debug|x86.ActiveCfg = Debug|Any CPU
		{ACE47F93-CE16-4828-84DB-9815020E2F88}.Debug|x86.Build.0 = Debug|Any CPU
		{ACE47F93-CE16-4828-84DB-9815020E2F88}.Release|Any CPU.ActiveCfg = Release|Any CPU
		{ACE47F93-CE16-4828-84DB-9815020E2F88}.Release|Any CPU.Build.0 = Release|Any CPU
		{ACE47F93-CE16-4828-84DB-9815020E2F88}.Release|x64.ActiveCfg = Release|Any CPU
		{ACE47F93-CE16-4828-84DB-9815020E2F88}.Release|x64.Build.0 = Release|Any CPU
		{ACE47F93-CE16-4828-84DB-9815020E2F88}.Release|x86.ActiveCfg = Release|Any CPU
		{ACE47F93-CE16-4828-84DB-9815020E2F88}.Release|x86.Build.0 = Release|Any CPU
		{CF16A0CC-8944-4967-97F4-460C825CF987}.Debug|Any CPU.ActiveCfg = Debug|Any CPU
		{CF16A0CC-8944-4967-97F4-460C825CF987}.Debug|Any CPU.Build.0 = Debug|Any CPU
		{CF16A0CC-8944-4967-97F4-460C825CF987}.Debug|x64.ActiveCfg = Debug|Any CPU
		{CF16A0CC-8944-4967-97F4-460C825CF987}.Debug|x64.Build.0 = Debug|Any CPU
		{CF16A0CC-8944-4967-97F4-460C825CF987}.Debug|x86.ActiveCfg = Debug|Any CPU
		{CF16A0CC-8944-4967-97F4-460C825CF987}.Debug|x86.Build.0 = Debug|Any CPU
		{CF16A0CC-8944-4967-97F4-460C825CF987}.Release|Any CPU.ActiveCfg = Release|Any CPU
		{CF16A0CC-8944-4967-97F4-460C825CF987}.Release|Any CPU.Build.0 = Release|Any CPU
		{CF16A0CC-8944-4967-97F4-460C825CF987}.Release|x64.ActiveCfg = Release|Any CPU
		{CF16A0CC-8944-4967-97F4-460C825CF987}.Release|x64.Build.0 = Release|Any CPU
		{CF16A0CC-8944-4967-97F4-460C825CF987}.Release|x86.ActiveCfg = Release|Any CPU
		{CF16A0CC-8944-4967-97F4-460C825CF987}.Release|x86.Build.0 = Release|Any CPU
		{18FA2C55-1712-4E59-A55C-8EC3BA32C17E}.Debug|Any CPU.ActiveCfg = Debug|Any CPU
		{18FA2C55-1712-4E59-A55C-8EC3BA32C17E}.Debug|Any CPU.Build.0 = Debug|Any CPU
		{18FA2C55-1712-4E59-A55C-8EC3BA32C17E}.Debug|x64.ActiveCfg = Debug|Any CPU
		{18FA2C55-1712-4E59-A55C-8EC3BA32C17E}.Debug|x64.Build.0 = Debug|Any CPU
		{18FA2C55-1712-4E59-A55C-8EC3BA32C17E}.Debug|x86.ActiveCfg = Debug|Any CPU
		{18FA2C55-1712-4E59-A55C-8EC3BA32C17E}.Debug|x86.Build.0 = Debug|Any CPU
		{18FA2C55-1712-4E59-A55C-8EC3BA32C17E}.Release|Any CPU.ActiveCfg = Release|Any CPU
		{18FA2C55-1712-4E59-A55C-8EC3BA32C17E}.Release|Any CPU.Build.0 = Release|Any CPU
		{18FA2C55-1712-4E59-A55C-8EC3BA32C17E}.Release|x64.ActiveCfg = Release|Any CPU
		{18FA2C55-1712-4E59-A55C-8EC3BA32C17E}.Release|x64.Build.0 = Release|Any CPU
		{18FA2C55-1712-4E59-A55C-8EC3BA32C17E}.Release|x86.ActiveCfg = Release|Any CPU
		{18FA2C55-1712-4E59-A55C-8EC3BA32C17E}.Release|x86.Build.0 = Release|Any CPU
		{A184F801-D0A1-4C77-A6F3-D495D148004D}.Debug|Any CPU.ActiveCfg = Debug|Any CPU
		{A184F801-D0A1-4C77-A6F3-D495D148004D}.Debug|Any CPU.Build.0 = Debug|Any CPU
		{A184F801-D0A1-4C77-A6F3-D495D148004D}.Debug|x64.ActiveCfg = Debug|Any CPU
		{A184F801-D0A1-4C77-A6F3-D495D148004D}.Debug|x64.Build.0 = Debug|Any CPU
		{A184F801-D0A1-4C77-A6F3-D495D148004D}.Debug|x86.ActiveCfg = Debug|Any CPU
		{A184F801-D0A1-4C77-A6F3-D495D148004D}.Debug|x86.Build.0 = Debug|Any CPU
		{A184F801-D0A1-4C77-A6F3-D495D148004D}.Release|Any CPU.ActiveCfg = Release|Any CPU
		{A184F801-D0A1-4C77-A6F3-D495D148004D}.Release|Any CPU.Build.0 = Release|Any CPU
		{A184F801-D0A1-4C77-A6F3-D495D148004D}.Release|x64.ActiveCfg = Release|Any CPU
		{A184F801-D0A1-4C77-A6F3-D495D148004D}.Release|x64.Build.0 = Release|Any CPU
		{A184F801-D0A1-4C77-A6F3-D495D148004D}.Release|x86.ActiveCfg = Release|Any CPU
		{A184F801-D0A1-4C77-A6F3-D495D148004D}.Release|x86.Build.0 = Release|Any CPU
		{4A2B5475-1583-42D1-BC01-43FC6CCA322A}.Debug|Any CPU.ActiveCfg = Debug|Any CPU
		{4A2B5475-1583-42D1-BC01-43FC6CCA322A}.Debug|Any CPU.Build.0 = Debug|Any CPU
		{4A2B5475-1583-42D1-BC01-43FC6CCA322A}.Debug|x64.ActiveCfg = Debug|Any CPU
		{4A2B5475-1583-42D1-BC01-43FC6CCA322A}.Debug|x64.Build.0 = Debug|Any CPU
		{4A2B5475-1583-42D1-BC01-43FC6CCA322A}.Debug|x86.ActiveCfg = Debug|Any CPU
		{4A2B5475-1583-42D1-BC01-43FC6CCA322A}.Debug|x86.Build.0 = Debug|Any CPU
		{4A2B5475-1583-42D1-BC01-43FC6CCA322A}.Release|Any CPU.ActiveCfg = Release|Any CPU
		{4A2B5475-1583-42D1-BC01-43FC6CCA322A}.Release|Any CPU.Build.0 = Release|Any CPU
		{4A2B5475-1583-42D1-BC01-43FC6CCA322A}.Release|x64.ActiveCfg = Release|Any CPU
		{4A2B5475-1583-42D1-BC01-43FC6CCA322A}.Release|x64.Build.0 = Release|Any CPU
		{4A2B5475-1583-42D1-BC01-43FC6CCA322A}.Release|x86.ActiveCfg = Release|Any CPU
		{4A2B5475-1583-42D1-BC01-43FC6CCA322A}.Release|x86.Build.0 = Release|Any CPU
		{6D1E68D2-5090-4203-BB21-0EA3E0E05576}.Debug|Any CPU.ActiveCfg = Debug|Any CPU
		{6D1E68D2-5090-4203-BB21-0EA3E0E05576}.Debug|Any CPU.Build.0 = Debug|Any CPU
		{6D1E68D2-5090-4203-BB21-0EA3E0E05576}.Debug|x64.ActiveCfg = Debug|Any CPU
		{6D1E68D2-5090-4203-BB21-0EA3E0E05576}.Debug|x64.Build.0 = Debug|Any CPU
		{6D1E68D2-5090-4203-BB21-0EA3E0E05576}.Debug|x86.ActiveCfg = Debug|Any CPU
		{6D1E68D2-5090-4203-BB21-0EA3E0E05576}.Debug|x86.Build.0 = Debug|Any CPU
		{6D1E68D2-5090-4203-BB21-0EA3E0E05576}.Release|Any CPU.ActiveCfg = Release|Any CPU
		{6D1E68D2-5090-4203-BB21-0EA3E0E05576}.Release|Any CPU.Build.0 = Release|Any CPU
		{6D1E68D2-5090-4203-BB21-0EA3E0E05576}.Release|x64.ActiveCfg = Release|Any CPU
		{6D1E68D2-5090-4203-BB21-0EA3E0E05576}.Release|x64.Build.0 = Release|Any CPU
		{6D1E68D2-5090-4203-BB21-0EA3E0E05576}.Release|x86.ActiveCfg = Release|Any CPU
		{6D1E68D2-5090-4203-BB21-0EA3E0E05576}.Release|x86.Build.0 = Release|Any CPU
	EndGlobalSection
	GlobalSection(NestedProjects) = preSolution
		{ACE47F93-CE16-4828-84DB-9815020E2F88} = {1AA4529B-7C8D-4A3D-9FCF-03E7AE564587}
		{CF16A0CC-8944-4967-97F4-460C825CF987} = {617F1125-F1BE-4664-8949-13953FBE5CBF}
		{18FA2C55-1712-4E59-A55C-8EC3BA32C17E} = {61163BB4-5D6D-4959-A3CC-A3CBC2A7FD01}
		{A184F801-D0A1-4C77-A6F3-D495D148004D} = {61163BB4-5D6D-4959-A3CC-A3CBC2A7FD01}
		{4A2B5475-1583-42D1-BC01-43FC6CCA322A} = {61163BB4-5D6D-4959-A3CC-A3CBC2A7FD01}
		{6D1E68D2-5090-4203-BB21-0EA3E0E05576} = {61163BB4-5D6D-4959-A3CC-A3CBC2A7FD01}
	EndGlobalSection
EndGlobal
