
Microsoft Visual Studio Solution File, Format Version 12.00
# Visual Studio 15
VisualStudioVersion = 15.0.26124.0
MinimumVisualStudioVersion = 15.0.26124.0
Project("{2150E333-8FDC-42A3-9474-1A3956D46DE8}") = "src", "src", "{82136AFD-141C-4104-AB56-9781988E925C}"
EndProject
Project("{2150E333-8FDC-42A3-9474-1A3956D46DE8}") = "tests", "tests", "{1AA4529B-7C8D-4A3D-9FCF-03E7AE564587}"
EndProject
Project("{FAE04EC0-301F-11D3-BF4B-00C04F79EFBC}") = "Phema.RabbitMQ.Tests", "tests\Phema.RabbitMQ.Tests\Phema.RabbitMQ.Tests.csproj", "{8F4C888F-F2BB-430D-8623-C27D789A9677}"
EndProject
Project("{FAE04EC0-301F-11D3-BF4B-00C04F79EFBC}") = "Phema.RabbitMQ.Consumers.Tests", "tests\Phema.RabbitMQ.Consumers.Tests\Phema.RabbitMQ.Consumers.Tests.csproj", "{76EB9B38-455F-4A53-88C1-27EFF2D2A45F}"
EndProject
Project("{FAE04EC0-301F-11D3-BF4B-00C04F79EFBC}") = "Phema.RabbitMQ.Producers.Tests", "tests\Phema.RabbitMQ.Producers.Tests\Phema.RabbitMQ.Producers.Tests.csproj", "{8C3A7439-F78F-48EC-94B4-52A36AF7F3B9}"
EndProject
Project("{FAE04EC0-301F-11D3-BF4B-00C04F79EFBC}") = "Phema.RabbitMQ", "src\Phema.RabbitMQ\Phema.RabbitMQ.csproj", "{8CB8DDC3-D32B-4036-B258-C998CFD3D67D}"
EndProject
Project("{FAE04EC0-301F-11D3-BF4B-00C04F79EFBC}") = "Phema.RabbitMQ.Consumers", "src\Phema.RabbitMQ.Consumers\Phema.RabbitMQ.Consumers.csproj", "{32BDC27E-A384-4AC0-86B4-E93A5A95C314}"
EndProject
Project("{FAE04EC0-301F-11D3-BF4B-00C04F79EFBC}") = "Phema.RabbitMQ.Core", "src\Phema.RabbitMQ.Core\Phema.RabbitMQ.Core.csproj", "{07E4A352-E1BB-4A79-A81A-0613C9C0A1D5}"
EndProject
Project("{FAE04EC0-301F-11D3-BF4B-00C04F79EFBC}") = "Phema.RabbitMQ.Producers", "src\Phema.RabbitMQ.Producers\Phema.RabbitMQ.Producers.csproj", "{7EBDF774-138D-4F9F-9FBB-3ABA84180296}"
EndProject
Project("{2150E333-8FDC-42A3-9474-1A3956D46DE8}") = "examples", "examples", "{B89626B8-55F6-44DA-A5F6-865F72F852A4}"
EndProject
Project("{FAE04EC0-301F-11D3-BF4B-00C04F79EFBC}") = "SimpleProducerConsumer", "examples\SimpleProducerConsumer\SimpleProducerConsumer.csproj", "{58EC031F-704A-40D3-B695-486EC3086674}"
EndProject
Project("{FAE04EC0-301F-11D3-BF4B-00C04F79EFBC}") = "AspNetCoreProducerConsumer", "examples\AspNetCoreProducerConsumer\AspNetCoreProducerConsumer.csproj", "{5C3CDD3F-9439-4791-9022-C4AA57BCFE55}"
EndProject
Project("{2150E333-8FDC-42A3-9474-1A3956D46DE8}") = "src2", "src2", "{A3056637-6F27-4EB9-A765-5B4DE942D054}"
EndProject
Project("{FAE04EC0-301F-11D3-BF4B-00C04F79EFBC}") = "Phema.RabbitMQ.Core", "src2\Phema.RabbitMQ.Core\Phema.RabbitMQ.Core.csproj", "{4E2BEC83-6AC4-412C-8A25-7724E4E7BDD9}"
EndProject
Project("{FAE04EC0-301F-11D3-BF4B-00C04F79EFBC}") = "Phema.RabbitMQ", "src2\Phema.RabbitMQ\Phema.RabbitMQ.csproj", "{72E39FE7-A6E1-49A8-955F-B7CCC279965D}"
EndProject
Global
	GlobalSection(SolutionConfigurationPlatforms) = preSolution
		Debug|Any CPU = Debug|Any CPU
		Debug|x64 = Debug|x64
		Debug|x86 = Debug|x86
		Release|Any CPU = Release|Any CPU
		Release|x64 = Release|x64
		Release|x86 = Release|x86
	EndGlobalSection
	GlobalSection(SolutionProperties) = preSolution
		HideSolutionNode = FALSE
	EndGlobalSection
	GlobalSection(ProjectConfigurationPlatforms) = postSolution
		{8F4C888F-F2BB-430D-8623-C27D789A9677}.Debug|Any CPU.ActiveCfg = Debug|Any CPU
		{8F4C888F-F2BB-430D-8623-C27D789A9677}.Debug|Any CPU.Build.0 = Debug|Any CPU
		{8F4C888F-F2BB-430D-8623-C27D789A9677}.Debug|x64.ActiveCfg = Debug|Any CPU
		{8F4C888F-F2BB-430D-8623-C27D789A9677}.Debug|x64.Build.0 = Debug|Any CPU
		{8F4C888F-F2BB-430D-8623-C27D789A9677}.Debug|x86.ActiveCfg = Debug|Any CPU
		{8F4C888F-F2BB-430D-8623-C27D789A9677}.Debug|x86.Build.0 = Debug|Any CPU
		{8F4C888F-F2BB-430D-8623-C27D789A9677}.Release|Any CPU.ActiveCfg = Release|Any CPU
		{8F4C888F-F2BB-430D-8623-C27D789A9677}.Release|Any CPU.Build.0 = Release|Any CPU
		{8F4C888F-F2BB-430D-8623-C27D789A9677}.Release|x64.ActiveCfg = Release|Any CPU
		{8F4C888F-F2BB-430D-8623-C27D789A9677}.Release|x64.Build.0 = Release|Any CPU
		{8F4C888F-F2BB-430D-8623-C27D789A9677}.Release|x86.ActiveCfg = Release|Any CPU
		{8F4C888F-F2BB-430D-8623-C27D789A9677}.Release|x86.Build.0 = Release|Any CPU
		{76EB9B38-455F-4A53-88C1-27EFF2D2A45F}.Debug|Any CPU.ActiveCfg = Debug|Any CPU
		{76EB9B38-455F-4A53-88C1-27EFF2D2A45F}.Debug|Any CPU.Build.0 = Debug|Any CPU
		{76EB9B38-455F-4A53-88C1-27EFF2D2A45F}.Debug|x64.ActiveCfg = Debug|Any CPU
		{76EB9B38-455F-4A53-88C1-27EFF2D2A45F}.Debug|x64.Build.0 = Debug|Any CPU
		{76EB9B38-455F-4A53-88C1-27EFF2D2A45F}.Debug|x86.ActiveCfg = Debug|Any CPU
		{76EB9B38-455F-4A53-88C1-27EFF2D2A45F}.Debug|x86.Build.0 = Debug|Any CPU
		{76EB9B38-455F-4A53-88C1-27EFF2D2A45F}.Release|Any CPU.ActiveCfg = Release|Any CPU
		{76EB9B38-455F-4A53-88C1-27EFF2D2A45F}.Release|Any CPU.Build.0 = Release|Any CPU
		{76EB9B38-455F-4A53-88C1-27EFF2D2A45F}.Release|x64.ActiveCfg = Release|Any CPU
		{76EB9B38-455F-4A53-88C1-27EFF2D2A45F}.Release|x64.Build.0 = Release|Any CPU
		{76EB9B38-455F-4A53-88C1-27EFF2D2A45F}.Release|x86.ActiveCfg = Release|Any CPU
		{76EB9B38-455F-4A53-88C1-27EFF2D2A45F}.Release|x86.Build.0 = Release|Any CPU
		{8C3A7439-F78F-48EC-94B4-52A36AF7F3B9}.Debug|Any CPU.ActiveCfg = Debug|Any CPU
		{8C3A7439-F78F-48EC-94B4-52A36AF7F3B9}.Debug|Any CPU.Build.0 = Debug|Any CPU
		{8C3A7439-F78F-48EC-94B4-52A36AF7F3B9}.Debug|x64.ActiveCfg = Debug|Any CPU
		{8C3A7439-F78F-48EC-94B4-52A36AF7F3B9}.Debug|x64.Build.0 = Debug|Any CPU
		{8C3A7439-F78F-48EC-94B4-52A36AF7F3B9}.Debug|x86.ActiveCfg = Debug|Any CPU
		{8C3A7439-F78F-48EC-94B4-52A36AF7F3B9}.Debug|x86.Build.0 = Debug|Any CPU
		{8C3A7439-F78F-48EC-94B4-52A36AF7F3B9}.Release|Any CPU.ActiveCfg = Release|Any CPU
		{8C3A7439-F78F-48EC-94B4-52A36AF7F3B9}.Release|Any CPU.Build.0 = Release|Any CPU
		{8C3A7439-F78F-48EC-94B4-52A36AF7F3B9}.Release|x64.ActiveCfg = Release|Any CPU
		{8C3A7439-F78F-48EC-94B4-52A36AF7F3B9}.Release|x64.Build.0 = Release|Any CPU
		{8C3A7439-F78F-48EC-94B4-52A36AF7F3B9}.Release|x86.ActiveCfg = Release|Any CPU
		{8C3A7439-F78F-48EC-94B4-52A36AF7F3B9}.Release|x86.Build.0 = Release|Any CPU
		{8CB8DDC3-D32B-4036-B258-C998CFD3D67D}.Debug|Any CPU.ActiveCfg = Debug|Any CPU
		{8CB8DDC3-D32B-4036-B258-C998CFD3D67D}.Debug|Any CPU.Build.0 = Debug|Any CPU
		{8CB8DDC3-D32B-4036-B258-C998CFD3D67D}.Debug|x64.ActiveCfg = Debug|Any CPU
		{8CB8DDC3-D32B-4036-B258-C998CFD3D67D}.Debug|x64.Build.0 = Debug|Any CPU
		{8CB8DDC3-D32B-4036-B258-C998CFD3D67D}.Debug|x86.ActiveCfg = Debug|Any CPU
		{8CB8DDC3-D32B-4036-B258-C998CFD3D67D}.Debug|x86.Build.0 = Debug|Any CPU
		{8CB8DDC3-D32B-4036-B258-C998CFD3D67D}.Release|Any CPU.ActiveCfg = Release|Any CPU
		{8CB8DDC3-D32B-4036-B258-C998CFD3D67D}.Release|Any CPU.Build.0 = Release|Any CPU
		{8CB8DDC3-D32B-4036-B258-C998CFD3D67D}.Release|x64.ActiveCfg = Release|Any CPU
		{8CB8DDC3-D32B-4036-B258-C998CFD3D67D}.Release|x64.Build.0 = Release|Any CPU
		{8CB8DDC3-D32B-4036-B258-C998CFD3D67D}.Release|x86.ActiveCfg = Release|Any CPU
		{8CB8DDC3-D32B-4036-B258-C998CFD3D67D}.Release|x86.Build.0 = Release|Any CPU
		{32BDC27E-A384-4AC0-86B4-E93A5A95C314}.Debug|Any CPU.ActiveCfg = Debug|Any CPU
		{32BDC27E-A384-4AC0-86B4-E93A5A95C314}.Debug|Any CPU.Build.0 = Debug|Any CPU
		{32BDC27E-A384-4AC0-86B4-E93A5A95C314}.Debug|x64.ActiveCfg = Debug|Any CPU
		{32BDC27E-A384-4AC0-86B4-E93A5A95C314}.Debug|x64.Build.0 = Debug|Any CPU
		{32BDC27E-A384-4AC0-86B4-E93A5A95C314}.Debug|x86.ActiveCfg = Debug|Any CPU
		{32BDC27E-A384-4AC0-86B4-E93A5A95C314}.Debug|x86.Build.0 = Debug|Any CPU
		{32BDC27E-A384-4AC0-86B4-E93A5A95C314}.Release|Any CPU.ActiveCfg = Release|Any CPU
		{32BDC27E-A384-4AC0-86B4-E93A5A95C314}.Release|Any CPU.Build.0 = Release|Any CPU
		{32BDC27E-A384-4AC0-86B4-E93A5A95C314}.Release|x64.ActiveCfg = Release|Any CPU
		{32BDC27E-A384-4AC0-86B4-E93A5A95C314}.Release|x64.Build.0 = Release|Any CPU
		{32BDC27E-A384-4AC0-86B4-E93A5A95C314}.Release|x86.ActiveCfg = Release|Any CPU
		{32BDC27E-A384-4AC0-86B4-E93A5A95C314}.Release|x86.Build.0 = Release|Any CPU
		{07E4A352-E1BB-4A79-A81A-0613C9C0A1D5}.Debug|Any CPU.ActiveCfg = Debug|Any CPU
		{07E4A352-E1BB-4A79-A81A-0613C9C0A1D5}.Debug|Any CPU.Build.0 = Debug|Any CPU
		{07E4A352-E1BB-4A79-A81A-0613C9C0A1D5}.Debug|x64.ActiveCfg = Debug|Any CPU
		{07E4A352-E1BB-4A79-A81A-0613C9C0A1D5}.Debug|x64.Build.0 = Debug|Any CPU
		{07E4A352-E1BB-4A79-A81A-0613C9C0A1D5}.Debug|x86.ActiveCfg = Debug|Any CPU
		{07E4A352-E1BB-4A79-A81A-0613C9C0A1D5}.Debug|x86.Build.0 = Debug|Any CPU
		{07E4A352-E1BB-4A79-A81A-0613C9C0A1D5}.Release|x64.ActiveCfg = Release|Any CPU
		{07E4A352-E1BB-4A79-A81A-0613C9C0A1D5}.Release|x64.Build.0 = Release|Any CPU
		{07E4A352-E1BB-4A79-A81A-0613C9C0A1D5}.Release|x86.ActiveCfg = Release|Any CPU
		{07E4A352-E1BB-4A79-A81A-0613C9C0A1D5}.Release|x86.Build.0 = Release|Any CPU
		{07E4A352-E1BB-4A79-A81A-0613C9C0A1D5}.Release|Any CPU.ActiveCfg = Release|Any CPU
		{07E4A352-E1BB-4A79-A81A-0613C9C0A1D5}.Release|Any CPU.Build.0 = Release|Any CPU
		{7EBDF774-138D-4F9F-9FBB-3ABA84180296}.Debug|Any CPU.ActiveCfg = Debug|Any CPU
		{7EBDF774-138D-4F9F-9FBB-3ABA84180296}.Debug|Any CPU.Build.0 = Debug|Any CPU
		{7EBDF774-138D-4F9F-9FBB-3ABA84180296}.Debug|x64.ActiveCfg = Debug|Any CPU
		{7EBDF774-138D-4F9F-9FBB-3ABA84180296}.Debug|x64.Build.0 = Debug|Any CPU
		{7EBDF774-138D-4F9F-9FBB-3ABA84180296}.Debug|x86.ActiveCfg = Debug|Any CPU
		{7EBDF774-138D-4F9F-9FBB-3ABA84180296}.Debug|x86.Build.0 = Debug|Any CPU
		{7EBDF774-138D-4F9F-9FBB-3ABA84180296}.Release|Any CPU.ActiveCfg = Release|Any CPU
		{7EBDF774-138D-4F9F-9FBB-3ABA84180296}.Release|Any CPU.Build.0 = Release|Any CPU
		{7EBDF774-138D-4F9F-9FBB-3ABA84180296}.Release|x64.ActiveCfg = Release|Any CPU
		{7EBDF774-138D-4F9F-9FBB-3ABA84180296}.Release|x64.Build.0 = Release|Any CPU
		{7EBDF774-138D-4F9F-9FBB-3ABA84180296}.Release|x86.ActiveCfg = Release|Any CPU
		{7EBDF774-138D-4F9F-9FBB-3ABA84180296}.Release|x86.Build.0 = Release|Any CPU
		{58EC031F-704A-40D3-B695-486EC3086674}.Debug|Any CPU.ActiveCfg = Debug|Any CPU
		{58EC031F-704A-40D3-B695-486EC3086674}.Debug|Any CPU.Build.0 = Debug|Any CPU
		{58EC031F-704A-40D3-B695-486EC3086674}.Debug|x64.ActiveCfg = Debug|Any CPU
		{58EC031F-704A-40D3-B695-486EC3086674}.Debug|x64.Build.0 = Debug|Any CPU
		{58EC031F-704A-40D3-B695-486EC3086674}.Debug|x86.ActiveCfg = Debug|Any CPU
		{58EC031F-704A-40D3-B695-486EC3086674}.Debug|x86.Build.0 = Debug|Any CPU
		{58EC031F-704A-40D3-B695-486EC3086674}.Release|Any CPU.ActiveCfg = Release|Any CPU
		{58EC031F-704A-40D3-B695-486EC3086674}.Release|Any CPU.Build.0 = Release|Any CPU
		{58EC031F-704A-40D3-B695-486EC3086674}.Release|x64.ActiveCfg = Release|Any CPU
		{58EC031F-704A-40D3-B695-486EC3086674}.Release|x64.Build.0 = Release|Any CPU
		{58EC031F-704A-40D3-B695-486EC3086674}.Release|x86.ActiveCfg = Release|Any CPU
		{58EC031F-704A-40D3-B695-486EC3086674}.Release|x86.Build.0 = Release|Any CPU
		{5C3CDD3F-9439-4791-9022-C4AA57BCFE55}.Debug|Any CPU.ActiveCfg = Debug|Any CPU
		{5C3CDD3F-9439-4791-9022-C4AA57BCFE55}.Debug|Any CPU.Build.0 = Debug|Any CPU
		{5C3CDD3F-9439-4791-9022-C4AA57BCFE55}.Debug|x64.ActiveCfg = Debug|Any CPU
		{5C3CDD3F-9439-4791-9022-C4AA57BCFE55}.Debug|x64.Build.0 = Debug|Any CPU
		{5C3CDD3F-9439-4791-9022-C4AA57BCFE55}.Debug|x86.ActiveCfg = Debug|Any CPU
		{5C3CDD3F-9439-4791-9022-C4AA57BCFE55}.Debug|x86.Build.0 = Debug|Any CPU
		{5C3CDD3F-9439-4791-9022-C4AA57BCFE55}.Release|Any CPU.ActiveCfg = Release|Any CPU
		{5C3CDD3F-9439-4791-9022-C4AA57BCFE55}.Release|Any CPU.Build.0 = Release|Any CPU
		{5C3CDD3F-9439-4791-9022-C4AA57BCFE55}.Release|x64.ActiveCfg = Release|Any CPU
		{5C3CDD3F-9439-4791-9022-C4AA57BCFE55}.Release|x64.Build.0 = Release|Any CPU
		{5C3CDD3F-9439-4791-9022-C4AA57BCFE55}.Release|x86.ActiveCfg = Release|Any CPU
		{5C3CDD3F-9439-4791-9022-C4AA57BCFE55}.Release|x86.Build.0 = Release|Any CPU
		{4E2BEC83-6AC4-412C-8A25-7724E4E7BDD9}.Debug|Any CPU.ActiveCfg = Debug|Any CPU
		{4E2BEC83-6AC4-412C-8A25-7724E4E7BDD9}.Debug|Any CPU.Build.0 = Debug|Any CPU
		{4E2BEC83-6AC4-412C-8A25-7724E4E7BDD9}.Debug|x64.ActiveCfg = Debug|Any CPU
		{4E2BEC83-6AC4-412C-8A25-7724E4E7BDD9}.Debug|x64.Build.0 = Debug|Any CPU
		{4E2BEC83-6AC4-412C-8A25-7724E4E7BDD9}.Debug|x86.ActiveCfg = Debug|Any CPU
		{4E2BEC83-6AC4-412C-8A25-7724E4E7BDD9}.Debug|x86.Build.0 = Debug|Any CPU
		{4E2BEC83-6AC4-412C-8A25-7724E4E7BDD9}.Release|x64.ActiveCfg = Release|Any CPU
		{4E2BEC83-6AC4-412C-8A25-7724E4E7BDD9}.Release|x64.Build.0 = Release|Any CPU
		{4E2BEC83-6AC4-412C-8A25-7724E4E7BDD9}.Release|x86.ActiveCfg = Release|Any CPU
		{4E2BEC83-6AC4-412C-8A25-7724E4E7BDD9}.Release|x86.Build.0 = Release|Any CPU
		{4E2BEC83-6AC4-412C-8A25-7724E4E7BDD9}.Release|Any CPU.ActiveCfg = Debug|Any CPU
		{4E2BEC83-6AC4-412C-8A25-7724E4E7BDD9}.Release|Any CPU.Build.0 = Debug|Any CPU
		{72E39FE7-A6E1-49A8-955F-B7CCC279965D}.Debug|Any CPU.ActiveCfg = Debug|Any CPU
		{72E39FE7-A6E1-49A8-955F-B7CCC279965D}.Debug|Any CPU.Build.0 = Debug|Any CPU
		{72E39FE7-A6E1-49A8-955F-B7CCC279965D}.Debug|x64.ActiveCfg = Debug|Any CPU
		{72E39FE7-A6E1-49A8-955F-B7CCC279965D}.Debug|x64.Build.0 = Debug|Any CPU
		{72E39FE7-A6E1-49A8-955F-B7CCC279965D}.Debug|x86.ActiveCfg = Debug|Any CPU
		{72E39FE7-A6E1-49A8-955F-B7CCC279965D}.Debug|x86.Build.0 = Debug|Any CPU
		{72E39FE7-A6E1-49A8-955F-B7CCC279965D}.Release|Any CPU.ActiveCfg = Release|Any CPU
		{72E39FE7-A6E1-49A8-955F-B7CCC279965D}.Release|Any CPU.Build.0 = Release|Any CPU
		{72E39FE7-A6E1-49A8-955F-B7CCC279965D}.Release|x64.ActiveCfg = Release|Any CPU
		{72E39FE7-A6E1-49A8-955F-B7CCC279965D}.Release|x64.Build.0 = Release|Any CPU
		{72E39FE7-A6E1-49A8-955F-B7CCC279965D}.Release|x86.ActiveCfg = Release|Any CPU
		{72E39FE7-A6E1-49A8-955F-B7CCC279965D}.Release|x86.Build.0 = Release|Any CPU
	EndGlobalSection
	GlobalSection(NestedProjects) = preSolution
		{8F4C888F-F2BB-430D-8623-C27D789A9677} = {1AA4529B-7C8D-4A3D-9FCF-03E7AE564587}
		{76EB9B38-455F-4A53-88C1-27EFF2D2A45F} = {1AA4529B-7C8D-4A3D-9FCF-03E7AE564587}
		{8C3A7439-F78F-48EC-94B4-52A36AF7F3B9} = {1AA4529B-7C8D-4A3D-9FCF-03E7AE564587}
		{8CB8DDC3-D32B-4036-B258-C998CFD3D67D} = {82136AFD-141C-4104-AB56-9781988E925C}
		{32BDC27E-A384-4AC0-86B4-E93A5A95C314} = {82136AFD-141C-4104-AB56-9781988E925C}
		{07E4A352-E1BB-4A79-A81A-0613C9C0A1D5} = {82136AFD-141C-4104-AB56-9781988E925C}
		{7EBDF774-138D-4F9F-9FBB-3ABA84180296} = {82136AFD-141C-4104-AB56-9781988E925C}
		{58EC031F-704A-40D3-B695-486EC3086674} = {B89626B8-55F6-44DA-A5F6-865F72F852A4}
		{5C3CDD3F-9439-4791-9022-C4AA57BCFE55} = {B89626B8-55F6-44DA-A5F6-865F72F852A4}
		{4E2BEC83-6AC4-412C-8A25-7724E4E7BDD9} = {A3056637-6F27-4EB9-A765-5B4DE942D054}
		{72E39FE7-A6E1-49A8-955F-B7CCC279965D} = {A3056637-6F27-4EB9-A765-5B4DE942D054}
	EndGlobalSection
EndGlobal
